
Microsoft Visual Studio Solution File, Format Version 12.00
# Visual Studio Version 16
VisualStudioVersion = 16.0.29102.190
MinimumVisualStudioVersion = 10.0.40219.1
Project("{2150E333-8FDC-42A3-9474-1A3956D46DE8}") = "MapControl", "MapControl", "{52AECE49-F314-4F76-98F2-FA800F07824B}"
EndProject
Project("{2150E333-8FDC-42A3-9474-1A3956D46DE8}") = "SampleApps", "SampleApps", "{8F2103C2-78AF-4810-8FB9-67572F50C8FC}"
EndProject
Project("{FAE04EC0-301F-11D3-BF4B-00C04F79EFBC}") = "UniversalApp", "SampleApps\UniversalApp\UniversalApp.csproj", "{AA62B4AA-1CA3-4C20-BEB7-B824D0FC4BD1}"
EndProject
Project("{FAE04EC0-301F-11D3-BF4B-00C04F79EFBC}") = "MapControl.UWP", "MapControl\UWP\MapControl.UWP.csproj", "{9545F73C-9C35-4CF6-BAAE-19A0BAEBD344}"
EndProject
Project("{9A19103F-16F7-4668-BE54-9A1E7A4F7556}") = "MapControl.WPF", "MapControl\WPF\MapControl.WPF.csproj", "{62F1726B-3144-49F4-8BCC-94160A3B2186}"
EndProject
Project("{9A19103F-16F7-4668-BE54-9A1E7A4F7556}") = "WpfApplication", "SampleApps\WpfApplication\WpfApplication.csproj", "{CA60DFDB-0BE1-40F6-B575-CDC797A40E2E}"
EndProject
Project("{9A19103F-16F7-4668-BE54-9A1E7A4F7556}") = "MapControl.WinUI", "MapControl\WinUI\MapControl.WinUI.csproj", "{92894476-02E1-47CB-936E-4154023456F0}"
EndProject
Project("{2150E333-8FDC-42A3-9474-1A3956D46DE8}") = "Solution Items", "Solution Items", "{47E434EE-BB49-4171-A24A-8FFF55EE0C2F}"
	ProjectSection(SolutionItems) = preProject
		.editorconfig = .editorconfig
	EndProjectSection
EndProject
Project("{9A19103F-16F7-4668-BE54-9A1E7A4F7556}") = "WinUiApp", "SampleApps\WinUiApp\WinUiApp.csproj", "{D52D7ECE-9979-4287-9118-93DE23DD8F69}"
EndProject
Project("{C7167F0D-BC9F-4E6E-AFE1-012C56B48DB5}") = "WinUiApp (Package)", "SampleApps\WinUiApp (Package)\WinUiApp (Package).wapproj", "{2DB6959F-1768-495C-8EED-4830EF185584}"
EndProject
Global
	GlobalSection(SolutionConfigurationPlatforms) = preSolution
		Debug|Any CPU = Debug|Any CPU
		Debug|x64 = Debug|x64
		Release|Any CPU = Release|Any CPU
		Release|x64 = Release|x64
	EndGlobalSection
	GlobalSection(ProjectConfigurationPlatforms) = postSolution
		{AA62B4AA-1CA3-4C20-BEB7-B824D0FC4BD1}.Debug|Any CPU.ActiveCfg = Debug|x64
		{AA62B4AA-1CA3-4C20-BEB7-B824D0FC4BD1}.Debug|Any CPU.Build.0 = Debug|x64
		{AA62B4AA-1CA3-4C20-BEB7-B824D0FC4BD1}.Debug|Any CPU.Deploy.0 = Debug|x64
		{AA62B4AA-1CA3-4C20-BEB7-B824D0FC4BD1}.Debug|x64.ActiveCfg = Debug|x64
		{AA62B4AA-1CA3-4C20-BEB7-B824D0FC4BD1}.Debug|x64.Build.0 = Debug|x64
		{AA62B4AA-1CA3-4C20-BEB7-B824D0FC4BD1}.Debug|x64.Deploy.0 = Debug|x64
		{AA62B4AA-1CA3-4C20-BEB7-B824D0FC4BD1}.Release|Any CPU.ActiveCfg = Release|x64
		{AA62B4AA-1CA3-4C20-BEB7-B824D0FC4BD1}.Release|Any CPU.Build.0 = Release|x64
		{AA62B4AA-1CA3-4C20-BEB7-B824D0FC4BD1}.Release|Any CPU.Deploy.0 = Release|x64
		{AA62B4AA-1CA3-4C20-BEB7-B824D0FC4BD1}.Release|x64.ActiveCfg = Release|x64
		{AA62B4AA-1CA3-4C20-BEB7-B824D0FC4BD1}.Release|x64.Build.0 = Release|x64
		{AA62B4AA-1CA3-4C20-BEB7-B824D0FC4BD1}.Release|x64.Deploy.0 = Release|x64
		{9545F73C-9C35-4CF6-BAAE-19A0BAEBD344}.Debug|Any CPU.ActiveCfg = Debug|Any CPU
		{9545F73C-9C35-4CF6-BAAE-19A0BAEBD344}.Debug|Any CPU.Build.0 = Debug|Any CPU
		{9545F73C-9C35-4CF6-BAAE-19A0BAEBD344}.Debug|x64.ActiveCfg = Debug|Any CPU
		{9545F73C-9C35-4CF6-BAAE-19A0BAEBD344}.Debug|x64.Build.0 = Debug|Any CPU
		{9545F73C-9C35-4CF6-BAAE-19A0BAEBD344}.Release|Any CPU.ActiveCfg = Release|Any CPU
		{9545F73C-9C35-4CF6-BAAE-19A0BAEBD344}.Release|Any CPU.Build.0 = Release|Any CPU
		{9545F73C-9C35-4CF6-BAAE-19A0BAEBD344}.Release|x64.ActiveCfg = Release|Any CPU
		{9545F73C-9C35-4CF6-BAAE-19A0BAEBD344}.Release|x64.Build.0 = Release|Any CPU
		{62F1726B-3144-49F4-8BCC-94160A3B2186}.Debug|Any CPU.ActiveCfg = Debug|Any CPU
		{62F1726B-3144-49F4-8BCC-94160A3B2186}.Debug|Any CPU.Build.0 = Debug|Any CPU
		{62F1726B-3144-49F4-8BCC-94160A3B2186}.Debug|x64.ActiveCfg = Debug|Any CPU
		{62F1726B-3144-49F4-8BCC-94160A3B2186}.Debug|x64.Build.0 = Debug|Any CPU
		{62F1726B-3144-49F4-8BCC-94160A3B2186}.Release|Any CPU.ActiveCfg = Release|Any CPU
		{62F1726B-3144-49F4-8BCC-94160A3B2186}.Release|Any CPU.Build.0 = Release|Any CPU
		{62F1726B-3144-49F4-8BCC-94160A3B2186}.Release|x64.ActiveCfg = Release|Any CPU
		{62F1726B-3144-49F4-8BCC-94160A3B2186}.Release|x64.Build.0 = Release|Any CPU
		{CA60DFDB-0BE1-40F6-B575-CDC797A40E2E}.Debug|Any CPU.ActiveCfg = Debug|Any CPU
		{CA60DFDB-0BE1-40F6-B575-CDC797A40E2E}.Debug|Any CPU.Build.0 = Debug|Any CPU
		{CA60DFDB-0BE1-40F6-B575-CDC797A40E2E}.Debug|x64.ActiveCfg = Debug|Any CPU
		{CA60DFDB-0BE1-40F6-B575-CDC797A40E2E}.Debug|x64.Build.0 = Debug|Any CPU
		{CA60DFDB-0BE1-40F6-B575-CDC797A40E2E}.Release|Any CPU.ActiveCfg = Release|Any CPU
		{CA60DFDB-0BE1-40F6-B575-CDC797A40E2E}.Release|Any CPU.Build.0 = Release|Any CPU
		{CA60DFDB-0BE1-40F6-B575-CDC797A40E2E}.Release|x64.ActiveCfg = Release|Any CPU
		{CA60DFDB-0BE1-40F6-B575-CDC797A40E2E}.Release|x64.Build.0 = Release|Any CPU
		{92894476-02E1-47CB-936E-4154023456F0}.Debug|Any CPU.ActiveCfg = Debug|Any CPU
		{92894476-02E1-47CB-936E-4154023456F0}.Debug|Any CPU.Build.0 = Debug|Any CPU
		{92894476-02E1-47CB-936E-4154023456F0}.Debug|x64.ActiveCfg = Debug|Any CPU
		{92894476-02E1-47CB-936E-4154023456F0}.Debug|x64.Build.0 = Debug|Any CPU
		{92894476-02E1-47CB-936E-4154023456F0}.Release|Any CPU.ActiveCfg = Release|Any CPU
		{92894476-02E1-47CB-936E-4154023456F0}.Release|Any CPU.Build.0 = Release|Any CPU
		{92894476-02E1-47CB-936E-4154023456F0}.Release|x64.ActiveCfg = Release|Any CPU
		{92894476-02E1-47CB-936E-4154023456F0}.Release|x64.Build.0 = Release|Any CPU
		{D52D7ECE-9979-4287-9118-93DE23DD8F69}.Debug|Any CPU.ActiveCfg = Debug|x64
		{D52D7ECE-9979-4287-9118-93DE23DD8F69}.Debug|x64.ActiveCfg = Debug|x64
		{D52D7ECE-9979-4287-9118-93DE23DD8F69}.Debug|x64.Build.0 = Debug|x64
		{D52D7ECE-9979-4287-9118-93DE23DD8F69}.Release|Any CPU.ActiveCfg = Release|x64
		{D52D7ECE-9979-4287-9118-93DE23DD8F69}.Release|x64.ActiveCfg = Release|x64
		{D52D7ECE-9979-4287-9118-93DE23DD8F69}.Release|x64.Build.0 = Release|x64
		{2DB6959F-1768-495C-8EED-4830EF185584}.Debug|Any CPU.ActiveCfg = Debug|x64
		{2DB6959F-1768-495C-8EED-4830EF185584}.Debug|x64.ActiveCfg = Debug|x64
		{2DB6959F-1768-495C-8EED-4830EF185584}.Debug|x64.Build.0 = Debug|x64
		{2DB6959F-1768-495C-8EED-4830EF185584}.Debug|x64.Deploy.0 = Debug|x64
		{2DB6959F-1768-495C-8EED-4830EF185584}.Release|Any CPU.ActiveCfg = Release|x64
		{2DB6959F-1768-495C-8EED-4830EF185584}.Release|x64.ActiveCfg = Release|x64
		{2DB6959F-1768-495C-8EED-4830EF185584}.Release|x64.Build.0 = Release|x64
		{2DB6959F-1768-495C-8EED-4830EF185584}.Release|x64.Deploy.0 = Release|x64
	EndGlobalSection
	GlobalSection(SolutionProperties) = preSolution
		HideSolutionNode = FALSE
	EndGlobalSection
	GlobalSection(NestedProjects) = preSolution
		{AA62B4AA-1CA3-4C20-BEB7-B824D0FC4BD1} = {8F2103C2-78AF-4810-8FB9-67572F50C8FC}
		{9545F73C-9C35-4CF6-BAAE-19A0BAEBD344} = {52AECE49-F314-4F76-98F2-FA800F07824B}
		{62F1726B-3144-49F4-8BCC-94160A3B2186} = {52AECE49-F314-4F76-98F2-FA800F07824B}
		{CA60DFDB-0BE1-40F6-B575-CDC797A40E2E} = {8F2103C2-78AF-4810-8FB9-67572F50C8FC}
		{92894476-02E1-47CB-936E-4154023456F0} = {52AECE49-F314-4F76-98F2-FA800F07824B}
		{D52D7ECE-9979-4287-9118-93DE23DD8F69} = {8F2103C2-78AF-4810-8FB9-67572F50C8FC}
		{2DB6959F-1768-495C-8EED-4830EF185584} = {8F2103C2-78AF-4810-8FB9-67572F50C8FC}
	EndGlobalSection
	GlobalSection(ExtensibilityGlobals) = postSolution
		SolutionGuid = {458346DD-B23F-4FDC-8F9D-A10F1882A4DB}
	EndGlobalSection
EndGlobal
