
Microsoft Visual Studio Solution File, Format Version 12.00
# Visual Studio Version 16
VisualStudioVersion = 16.0.29102.190
MinimumVisualStudioVersion = 10.0.40219.1
Project("{2150E333-8FDC-42A3-9474-1A3956D46DE8}") = "MapControl", "MapControl", "{52AECE49-F314-4F76-98F2-FA800F07824B}"
EndProject
Project("{9A19103F-16F7-4668-BE54-9A1E7A4F7556}") = "MapControl.WPF", "MapControl\WPF\MapControl.WPF.csproj", "{A204A102-C745-4D65-AEC8-7B96FAEDEF2D}"
EndProject
Project("{2150E333-8FDC-42A3-9474-1A3956D46DE8}") = "SampleApps", "SampleApps", "{8F2103C2-78AF-4810-8FB9-67572F50C8FC}"
EndProject
Project("{FAE04EC0-301F-11D3-BF4B-00C04F79EFBC}") = "UniversalApp", "SampleApps\UniversalApp\UniversalApp.csproj", "{AA62B4AA-1CA3-4C20-BEB7-B824D0FC4BD1}"
EndProject
Project("{2150E333-8FDC-42A3-9474-1A3956D46DE8}") = "MBTiles", "MBTiles", "{CEAD0EA1-A971-4F5F-9EAE-C72F75D1F737}"
EndProject
Project("{9A19103F-16F7-4668-BE54-9A1E7A4F7556}") = "MBTiles.WPF", "MBTiles\WPF\MBTiles.WPF.csproj", "{38B18AB6-6E70-4696-8FB4-E8C8E12BF50C}"
EndProject
Project("{2150E333-8FDC-42A3-9474-1A3956D46DE8}") = "FileDbCache", "FileDbCache", "{261905DE-9653-4567-B498-1F46BEA2A4F3}"
EndProject
Project("{9A19103F-16F7-4668-BE54-9A1E7A4F7556}") = "FileDbCache.WPF", "FileDbCache\WPF\FileDbCache.WPF.csproj", "{AD1CB53E-7AA4-4EC0-B901-B4E0E2665133}"
EndProject
Project("{FAE04EC0-301F-11D3-BF4B-00C04F79EFBC}") = "FileDbCache.UWP", "FileDbCache\UWP\FileDbCache.UWP.csproj", "{BEEB142A-5FA3-468D-810A-32A4A5BD6D5D}"
EndProject
Project("{FAE04EC0-301F-11D3-BF4B-00C04F79EFBC}") = "MapControl.UWP", "MapControl\UWP\MapControl.UWP.csproj", "{9545F73C-9C35-4CF6-BAAE-19A0BAEBD344}"
EndProject
Project("{FAE04EC0-301F-11D3-BF4B-00C04F79EFBC}") = "MBTiles.UWP", "MBTiles\UWP\MBTiles.UWP.csproj", "{DCC111E9-EC8B-492A-A09D-DF390D83AE8D}"
EndProject
Project("{2150E333-8FDC-42A3-9474-1A3956D46DE8}") = "MapProjections", "MapProjections", "{7BC11E28-8D3B-4C5B-AC08-AB249CC95F6D}"
EndProject
Project("{9A19103F-16F7-4668-BE54-9A1E7A4F7556}") = "MapProjections.WPF", "MapProjections\WPF\MapProjections.WPF.csproj", "{426C21C0-5F14-491F-BCD1-6D2993510420}"
EndProject
Project("{9A19103F-16F7-4668-BE54-9A1E7A4F7556}") = "WpfApplication", "SampleApps\WpfApplication\WpfApplication.csproj", "{F92DA93D-75DB-4308-A5F9-6B4C3908A675}"
EndProject
Project("{FAE04EC0-301F-11D3-BF4B-00C04F79EFBC}") = "MapProjections.UWP", "MapProjections\UWP\MapProjections.UWP.csproj", "{9EE69591-5EDC-45E3-893E-2F9A4B82D538}"
EndProject
Project("{2150E333-8FDC-42A3-9474-1A3956D46DE8}") = "MapImages", "MapImages", "{2FDC8B91-FB95-4C57-8183-63587FBFE180}"
EndProject
Project("{9A19103F-16F7-4668-BE54-9A1E7A4F7556}") = "MapImages.WPF", "MapImages\WPF\MapImages.WPF.csproj", "{52042F63-563A-45BB-9A08-A8635AAAB84C}"
EndProject
Project("{FAE04EC0-301F-11D3-BF4B-00C04F79EFBC}") = "MapImages.UWP", "MapImages\UWP\MapImages.UWP.csproj", "{BE08B7BC-8C89-4837-BCE7-EDDDABEAB372}"
EndProject
Project("{2150E333-8FDC-42A3-9474-1A3956D46DE8}") = "SQLiteCache", "SQLiteCache", "{96FD1258-1597-48A2-8D64-1ADAE13E886A}"
EndProject
Project("{FAE04EC0-301F-11D3-BF4B-00C04F79EFBC}") = "SQLiteCache.UWP", "SQLiteCache\UWP\SQLiteCache.UWP.csproj", "{56DFA7CF-F31D-45CE-9C36-DA8DBB8413B1}"
EndProject
Project("{9A19103F-16F7-4668-BE54-9A1E7A4F7556}") = "SQLiteCache.WPF", "SQLiteCache\WPF\SQLiteCache.WPF.csproj", "{0109C2F0-BA2C-420F-B2CA-DB5B29B1A349}"
EndProject
Project("{9A19103F-16F7-4668-BE54-9A1E7A4F7556}") = "MapControl.WinUI", "MapControl\WinUI\MapControl.WinUI.csproj", "{ACA8E56C-0F82-4010-A83E-2DBFF5D16919}"
EndProject
Project("{9A19103F-16F7-4668-BE54-9A1E7A4F7556}") = "WinUiApp", "SampleApps\WinUiApp\WinUiApp.csproj", "{66C8D0B6-1D19-4023-9A8B-C7E41857EB73}"
EndProject
Project("{C7167F0D-BC9F-4E6E-AFE1-012C56B48DB5}") = "WinUiApp (Package)", "SampleApps\WinUiApp (Package)\WinUiApp (Package).wapproj", "{2DB6959F-1768-495C-8EED-4830EF185584}"
EndProject
Project("{9A19103F-16F7-4668-BE54-9A1E7A4F7556}") = "FileDbCache.WinUI", "FileDbCache\WinUI\FileDbCache.WinUI.csproj", "{DFE09FD5-530D-48AB-8A46-4611F21BBBC3}"
EndProject
Project("{9A19103F-16F7-4668-BE54-9A1E7A4F7556}") = "SQLiteCache.WinUI", "SQLiteCache\WinUI\SQLiteCache.WinUI.csproj", "{E33FC359-F713-462C-8A8E-7EEA15E36BE1}"
EndProject
Project("{9A19103F-16F7-4668-BE54-9A1E7A4F7556}") = "MapProjections.WinUI", "MapProjections\WinUI\MapProjections.WinUI.csproj", "{3572F71A-83FE-459D-8370-002CA28827FE}"
EndProject
Global
	GlobalSection(SolutionConfigurationPlatforms) = preSolution
		Debug|Any CPU = Debug|Any CPU
		Debug|x64 = Debug|x64
		Release|Any CPU = Release|Any CPU
		Release|x64 = Release|x64
	EndGlobalSection
	GlobalSection(ProjectConfigurationPlatforms) = postSolution
		{A204A102-C745-4D65-AEC8-7B96FAEDEF2D}.Debug|Any CPU.ActiveCfg = Debug|Any CPU
		{A204A102-C745-4D65-AEC8-7B96FAEDEF2D}.Debug|Any CPU.Build.0 = Debug|Any CPU
		{A204A102-C745-4D65-AEC8-7B96FAEDEF2D}.Debug|x64.ActiveCfg = Debug|Any CPU
		{A204A102-C745-4D65-AEC8-7B96FAEDEF2D}.Debug|x64.Build.0 = Debug|Any CPU
		{A204A102-C745-4D65-AEC8-7B96FAEDEF2D}.Release|Any CPU.ActiveCfg = Release|Any CPU
		{A204A102-C745-4D65-AEC8-7B96FAEDEF2D}.Release|Any CPU.Build.0 = Release|Any CPU
		{A204A102-C745-4D65-AEC8-7B96FAEDEF2D}.Release|x64.ActiveCfg = Release|Any CPU
		{A204A102-C745-4D65-AEC8-7B96FAEDEF2D}.Release|x64.Build.0 = Release|Any CPU
		{AA62B4AA-1CA3-4C20-BEB7-B824D0FC4BD1}.Debug|Any CPU.ActiveCfg = Debug|x64
		{AA62B4AA-1CA3-4C20-BEB7-B824D0FC4BD1}.Debug|Any CPU.Build.0 = Debug|x64
		{AA62B4AA-1CA3-4C20-BEB7-B824D0FC4BD1}.Debug|Any CPU.Deploy.0 = Debug|x64
		{AA62B4AA-1CA3-4C20-BEB7-B824D0FC4BD1}.Debug|x64.ActiveCfg = Debug|x64
		{AA62B4AA-1CA3-4C20-BEB7-B824D0FC4BD1}.Debug|x64.Build.0 = Debug|x64
		{AA62B4AA-1CA3-4C20-BEB7-B824D0FC4BD1}.Debug|x64.Deploy.0 = Debug|x64
		{AA62B4AA-1CA3-4C20-BEB7-B824D0FC4BD1}.Release|Any CPU.ActiveCfg = Release|x64
		{AA62B4AA-1CA3-4C20-BEB7-B824D0FC4BD1}.Release|Any CPU.Build.0 = Release|x64
		{AA62B4AA-1CA3-4C20-BEB7-B824D0FC4BD1}.Release|Any CPU.Deploy.0 = Release|x64
		{AA62B4AA-1CA3-4C20-BEB7-B824D0FC4BD1}.Release|x64.ActiveCfg = Release|x64
		{AA62B4AA-1CA3-4C20-BEB7-B824D0FC4BD1}.Release|x64.Build.0 = Release|x64
		{AA62B4AA-1CA3-4C20-BEB7-B824D0FC4BD1}.Release|x64.Deploy.0 = Release|x64
		{38B18AB6-6E70-4696-8FB4-E8C8E12BF50C}.Debug|Any CPU.ActiveCfg = Debug|Any CPU
		{38B18AB6-6E70-4696-8FB4-E8C8E12BF50C}.Debug|Any CPU.Build.0 = Debug|Any CPU
		{38B18AB6-6E70-4696-8FB4-E8C8E12BF50C}.Debug|x64.ActiveCfg = Debug|Any CPU
		{38B18AB6-6E70-4696-8FB4-E8C8E12BF50C}.Debug|x64.Build.0 = Debug|Any CPU
		{38B18AB6-6E70-4696-8FB4-E8C8E12BF50C}.Release|Any CPU.ActiveCfg = Release|Any CPU
		{38B18AB6-6E70-4696-8FB4-E8C8E12BF50C}.Release|Any CPU.Build.0 = Release|Any CPU
		{38B18AB6-6E70-4696-8FB4-E8C8E12BF50C}.Release|x64.ActiveCfg = Release|Any CPU
		{38B18AB6-6E70-4696-8FB4-E8C8E12BF50C}.Release|x64.Build.0 = Release|Any CPU
		{AD1CB53E-7AA4-4EC0-B901-B4E0E2665133}.Debug|Any CPU.ActiveCfg = Debug|Any CPU
		{AD1CB53E-7AA4-4EC0-B901-B4E0E2665133}.Debug|Any CPU.Build.0 = Debug|Any CPU
		{AD1CB53E-7AA4-4EC0-B901-B4E0E2665133}.Debug|x64.ActiveCfg = Debug|Any CPU
		{AD1CB53E-7AA4-4EC0-B901-B4E0E2665133}.Debug|x64.Build.0 = Debug|Any CPU
		{AD1CB53E-7AA4-4EC0-B901-B4E0E2665133}.Release|Any CPU.ActiveCfg = Release|Any CPU
		{AD1CB53E-7AA4-4EC0-B901-B4E0E2665133}.Release|Any CPU.Build.0 = Release|Any CPU
		{AD1CB53E-7AA4-4EC0-B901-B4E0E2665133}.Release|x64.ActiveCfg = Release|Any CPU
		{AD1CB53E-7AA4-4EC0-B901-B4E0E2665133}.Release|x64.Build.0 = Release|Any CPU
		{BEEB142A-5FA3-468D-810A-32A4A5BD6D5D}.Debug|Any CPU.ActiveCfg = Debug|Any CPU
		{BEEB142A-5FA3-468D-810A-32A4A5BD6D5D}.Debug|Any CPU.Build.0 = Debug|Any CPU
		{BEEB142A-5FA3-468D-810A-32A4A5BD6D5D}.Debug|x64.ActiveCfg = Debug|Any CPU
		{BEEB142A-5FA3-468D-810A-32A4A5BD6D5D}.Debug|x64.Build.0 = Debug|Any CPU
		{BEEB142A-5FA3-468D-810A-32A4A5BD6D5D}.Release|Any CPU.ActiveCfg = Release|Any CPU
		{BEEB142A-5FA3-468D-810A-32A4A5BD6D5D}.Release|Any CPU.Build.0 = Release|Any CPU
		{BEEB142A-5FA3-468D-810A-32A4A5BD6D5D}.Release|x64.ActiveCfg = Release|Any CPU
		{BEEB142A-5FA3-468D-810A-32A4A5BD6D5D}.Release|x64.Build.0 = Release|Any CPU
		{9545F73C-9C35-4CF6-BAAE-19A0BAEBD344}.Debug|Any CPU.ActiveCfg = Debug|Any CPU
		{9545F73C-9C35-4CF6-BAAE-19A0BAEBD344}.Debug|Any CPU.Build.0 = Debug|Any CPU
		{9545F73C-9C35-4CF6-BAAE-19A0BAEBD344}.Debug|x64.ActiveCfg = Debug|Any CPU
		{9545F73C-9C35-4CF6-BAAE-19A0BAEBD344}.Debug|x64.Build.0 = Debug|Any CPU
		{9545F73C-9C35-4CF6-BAAE-19A0BAEBD344}.Release|Any CPU.ActiveCfg = Release|Any CPU
		{9545F73C-9C35-4CF6-BAAE-19A0BAEBD344}.Release|Any CPU.Build.0 = Release|Any CPU
		{9545F73C-9C35-4CF6-BAAE-19A0BAEBD344}.Release|x64.ActiveCfg = Release|Any CPU
		{9545F73C-9C35-4CF6-BAAE-19A0BAEBD344}.Release|x64.Build.0 = Release|Any CPU
		{DCC111E9-EC8B-492A-A09D-DF390D83AE8D}.Debug|Any CPU.ActiveCfg = Debug|Any CPU
		{DCC111E9-EC8B-492A-A09D-DF390D83AE8D}.Debug|Any CPU.Build.0 = Debug|Any CPU
		{DCC111E9-EC8B-492A-A09D-DF390D83AE8D}.Debug|x64.ActiveCfg = Debug|Any CPU
		{DCC111E9-EC8B-492A-A09D-DF390D83AE8D}.Debug|x64.Build.0 = Debug|Any CPU
		{DCC111E9-EC8B-492A-A09D-DF390D83AE8D}.Release|Any CPU.ActiveCfg = Release|Any CPU
		{DCC111E9-EC8B-492A-A09D-DF390D83AE8D}.Release|Any CPU.Build.0 = Release|Any CPU
		{DCC111E9-EC8B-492A-A09D-DF390D83AE8D}.Release|x64.ActiveCfg = Release|Any CPU
		{DCC111E9-EC8B-492A-A09D-DF390D83AE8D}.Release|x64.Build.0 = Release|Any CPU
		{426C21C0-5F14-491F-BCD1-6D2993510420}.Debug|Any CPU.ActiveCfg = Debug|Any CPU
		{426C21C0-5F14-491F-BCD1-6D2993510420}.Debug|Any CPU.Build.0 = Debug|Any CPU
		{426C21C0-5F14-491F-BCD1-6D2993510420}.Debug|x64.ActiveCfg = Debug|Any CPU
		{426C21C0-5F14-491F-BCD1-6D2993510420}.Debug|x64.Build.0 = Debug|Any CPU
		{426C21C0-5F14-491F-BCD1-6D2993510420}.Release|Any CPU.ActiveCfg = Release|Any CPU
		{426C21C0-5F14-491F-BCD1-6D2993510420}.Release|Any CPU.Build.0 = Release|Any CPU
		{426C21C0-5F14-491F-BCD1-6D2993510420}.Release|x64.ActiveCfg = Release|Any CPU
		{426C21C0-5F14-491F-BCD1-6D2993510420}.Release|x64.Build.0 = Release|Any CPU
		{F92DA93D-75DB-4308-A5F9-6B4C3908A675}.Debug|Any CPU.ActiveCfg = Debug|Any CPU
		{F92DA93D-75DB-4308-A5F9-6B4C3908A675}.Debug|Any CPU.Build.0 = Debug|Any CPU
		{F92DA93D-75DB-4308-A5F9-6B4C3908A675}.Debug|x64.ActiveCfg = Debug|Any CPU
		{F92DA93D-75DB-4308-A5F9-6B4C3908A675}.Debug|x64.Build.0 = Debug|Any CPU
		{F92DA93D-75DB-4308-A5F9-6B4C3908A675}.Release|Any CPU.ActiveCfg = Release|Any CPU
		{F92DA93D-75DB-4308-A5F9-6B4C3908A675}.Release|Any CPU.Build.0 = Release|Any CPU
		{F92DA93D-75DB-4308-A5F9-6B4C3908A675}.Release|x64.ActiveCfg = Release|Any CPU
		{F92DA93D-75DB-4308-A5F9-6B4C3908A675}.Release|x64.Build.0 = Release|Any CPU
		{9EE69591-5EDC-45E3-893E-2F9A4B82D538}.Debug|Any CPU.ActiveCfg = Debug|Any CPU
		{9EE69591-5EDC-45E3-893E-2F9A4B82D538}.Debug|Any CPU.Build.0 = Debug|Any CPU
		{9EE69591-5EDC-45E3-893E-2F9A4B82D538}.Debug|x64.ActiveCfg = Debug|Any CPU
		{9EE69591-5EDC-45E3-893E-2F9A4B82D538}.Debug|x64.Build.0 = Debug|Any CPU
		{9EE69591-5EDC-45E3-893E-2F9A4B82D538}.Release|Any CPU.ActiveCfg = Release|Any CPU
		{9EE69591-5EDC-45E3-893E-2F9A4B82D538}.Release|Any CPU.Build.0 = Release|Any CPU
		{9EE69591-5EDC-45E3-893E-2F9A4B82D538}.Release|x64.ActiveCfg = Release|Any CPU
		{9EE69591-5EDC-45E3-893E-2F9A4B82D538}.Release|x64.Build.0 = Release|Any CPU
		{52042F63-563A-45BB-9A08-A8635AAAB84C}.Debug|Any CPU.ActiveCfg = Debug|Any CPU
		{52042F63-563A-45BB-9A08-A8635AAAB84C}.Debug|Any CPU.Build.0 = Debug|Any CPU
		{52042F63-563A-45BB-9A08-A8635AAAB84C}.Debug|x64.ActiveCfg = Debug|Any CPU
		{52042F63-563A-45BB-9A08-A8635AAAB84C}.Debug|x64.Build.0 = Debug|Any CPU
		{52042F63-563A-45BB-9A08-A8635AAAB84C}.Release|Any CPU.ActiveCfg = Release|Any CPU
		{52042F63-563A-45BB-9A08-A8635AAAB84C}.Release|Any CPU.Build.0 = Release|Any CPU
		{52042F63-563A-45BB-9A08-A8635AAAB84C}.Release|x64.ActiveCfg = Release|Any CPU
		{52042F63-563A-45BB-9A08-A8635AAAB84C}.Release|x64.Build.0 = Release|Any CPU
		{BE08B7BC-8C89-4837-BCE7-EDDDABEAB372}.Debug|Any CPU.ActiveCfg = Debug|Any CPU
		{BE08B7BC-8C89-4837-BCE7-EDDDABEAB372}.Debug|Any CPU.Build.0 = Debug|Any CPU
		{BE08B7BC-8C89-4837-BCE7-EDDDABEAB372}.Debug|x64.ActiveCfg = Debug|Any CPU
		{BE08B7BC-8C89-4837-BCE7-EDDDABEAB372}.Debug|x64.Build.0 = Debug|Any CPU
		{BE08B7BC-8C89-4837-BCE7-EDDDABEAB372}.Release|Any CPU.ActiveCfg = Release|Any CPU
		{BE08B7BC-8C89-4837-BCE7-EDDDABEAB372}.Release|Any CPU.Build.0 = Release|Any CPU
		{BE08B7BC-8C89-4837-BCE7-EDDDABEAB372}.Release|x64.ActiveCfg = Release|Any CPU
		{BE08B7BC-8C89-4837-BCE7-EDDDABEAB372}.Release|x64.Build.0 = Release|Any CPU
		{56DFA7CF-F31D-45CE-9C36-DA8DBB8413B1}.Debug|Any CPU.ActiveCfg = Debug|Any CPU
		{56DFA7CF-F31D-45CE-9C36-DA8DBB8413B1}.Debug|Any CPU.Build.0 = Debug|Any CPU
		{56DFA7CF-F31D-45CE-9C36-DA8DBB8413B1}.Debug|x64.ActiveCfg = Debug|Any CPU
		{56DFA7CF-F31D-45CE-9C36-DA8DBB8413B1}.Debug|x64.Build.0 = Debug|Any CPU
		{56DFA7CF-F31D-45CE-9C36-DA8DBB8413B1}.Release|Any CPU.ActiveCfg = Release|Any CPU
		{56DFA7CF-F31D-45CE-9C36-DA8DBB8413B1}.Release|Any CPU.Build.0 = Release|Any CPU
		{56DFA7CF-F31D-45CE-9C36-DA8DBB8413B1}.Release|x64.ActiveCfg = Release|Any CPU
		{56DFA7CF-F31D-45CE-9C36-DA8DBB8413B1}.Release|x64.Build.0 = Release|Any CPU
		{0109C2F0-BA2C-420F-B2CA-DB5B29B1A349}.Debug|Any CPU.ActiveCfg = Debug|Any CPU
		{0109C2F0-BA2C-420F-B2CA-DB5B29B1A349}.Debug|Any CPU.Build.0 = Debug|Any CPU
		{0109C2F0-BA2C-420F-B2CA-DB5B29B1A349}.Debug|x64.ActiveCfg = Debug|Any CPU
		{0109C2F0-BA2C-420F-B2CA-DB5B29B1A349}.Debug|x64.Build.0 = Debug|Any CPU
		{0109C2F0-BA2C-420F-B2CA-DB5B29B1A349}.Release|Any CPU.ActiveCfg = Release|Any CPU
		{0109C2F0-BA2C-420F-B2CA-DB5B29B1A349}.Release|Any CPU.Build.0 = Release|Any CPU
		{0109C2F0-BA2C-420F-B2CA-DB5B29B1A349}.Release|x64.ActiveCfg = Release|Any CPU
		{0109C2F0-BA2C-420F-B2CA-DB5B29B1A349}.Release|x64.Build.0 = Release|Any CPU
		{ACA8E56C-0F82-4010-A83E-2DBFF5D16919}.Debug|Any CPU.ActiveCfg = Debug|Any CPU
		{ACA8E56C-0F82-4010-A83E-2DBFF5D16919}.Debug|Any CPU.Build.0 = Debug|Any CPU
		{ACA8E56C-0F82-4010-A83E-2DBFF5D16919}.Debug|x64.ActiveCfg = Debug|Any CPU
		{ACA8E56C-0F82-4010-A83E-2DBFF5D16919}.Debug|x64.Build.0 = Debug|Any CPU
		{ACA8E56C-0F82-4010-A83E-2DBFF5D16919}.Release|Any CPU.ActiveCfg = Release|Any CPU
		{ACA8E56C-0F82-4010-A83E-2DBFF5D16919}.Release|Any CPU.Build.0 = Release|Any CPU
		{ACA8E56C-0F82-4010-A83E-2DBFF5D16919}.Release|x64.ActiveCfg = Release|Any CPU
		{ACA8E56C-0F82-4010-A83E-2DBFF5D16919}.Release|x64.Build.0 = Release|Any CPU
		{66C8D0B6-1D19-4023-9A8B-C7E41857EB73}.Debug|Any CPU.ActiveCfg = Debug|x64
		{66C8D0B6-1D19-4023-9A8B-C7E41857EB73}.Debug|x64.ActiveCfg = Debug|x64
		{66C8D0B6-1D19-4023-9A8B-C7E41857EB73}.Debug|x64.Build.0 = Debug|x64
		{66C8D0B6-1D19-4023-9A8B-C7E41857EB73}.Release|Any CPU.ActiveCfg = Release|x64
		{66C8D0B6-1D19-4023-9A8B-C7E41857EB73}.Release|x64.ActiveCfg = Release|x64
		{66C8D0B6-1D19-4023-9A8B-C7E41857EB73}.Release|x64.Build.0 = Release|x64
		{2DB6959F-1768-495C-8EED-4830EF185584}.Debug|Any CPU.ActiveCfg = Debug|x64
		{2DB6959F-1768-495C-8EED-4830EF185584}.Debug|x64.ActiveCfg = Debug|x64
		{2DB6959F-1768-495C-8EED-4830EF185584}.Debug|x64.Build.0 = Debug|x64
		{2DB6959F-1768-495C-8EED-4830EF185584}.Debug|x64.Deploy.0 = Debug|x64
		{2DB6959F-1768-495C-8EED-4830EF185584}.Release|Any CPU.ActiveCfg = Release|x64
		{2DB6959F-1768-495C-8EED-4830EF185584}.Release|x64.ActiveCfg = Release|x64
		{2DB6959F-1768-495C-8EED-4830EF185584}.Release|x64.Build.0 = Release|x64
		{2DB6959F-1768-495C-8EED-4830EF185584}.Release|x64.Deploy.0 = Release|x64
		{DFE09FD5-530D-48AB-8A46-4611F21BBBC3}.Debug|Any CPU.ActiveCfg = Debug|Any CPU
		{DFE09FD5-530D-48AB-8A46-4611F21BBBC3}.Debug|Any CPU.Build.0 = Debug|Any CPU
		{DFE09FD5-530D-48AB-8A46-4611F21BBBC3}.Debug|x64.ActiveCfg = Debug|Any CPU
		{DFE09FD5-530D-48AB-8A46-4611F21BBBC3}.Debug|x64.Build.0 = Debug|Any CPU
		{DFE09FD5-530D-48AB-8A46-4611F21BBBC3}.Release|Any CPU.ActiveCfg = Release|Any CPU
		{DFE09FD5-530D-48AB-8A46-4611F21BBBC3}.Release|Any CPU.Build.0 = Release|Any CPU
		{DFE09FD5-530D-48AB-8A46-4611F21BBBC3}.Release|x64.ActiveCfg = Release|Any CPU
		{DFE09FD5-530D-48AB-8A46-4611F21BBBC3}.Release|x64.Build.0 = Release|Any CPU
		{E33FC359-F713-462C-8A8E-7EEA15E36BE1}.Debug|Any CPU.ActiveCfg = Debug|Any CPU
		{E33FC359-F713-462C-8A8E-7EEA15E36BE1}.Debug|Any CPU.Build.0 = Debug|Any CPU
		{E33FC359-F713-462C-8A8E-7EEA15E36BE1}.Debug|x64.ActiveCfg = Debug|Any CPU
		{E33FC359-F713-462C-8A8E-7EEA15E36BE1}.Debug|x64.Build.0 = Debug|Any CPU
		{E33FC359-F713-462C-8A8E-7EEA15E36BE1}.Release|Any CPU.ActiveCfg = Release|Any CPU
		{E33FC359-F713-462C-8A8E-7EEA15E36BE1}.Release|Any CPU.Build.0 = Release|Any CPU
		{E33FC359-F713-462C-8A8E-7EEA15E36BE1}.Release|x64.ActiveCfg = Release|Any CPU
		{E33FC359-F713-462C-8A8E-7EEA15E36BE1}.Release|x64.Build.0 = Release|Any CPU
		{3572F71A-83FE-459D-8370-002CA28827FE}.Debug|Any CPU.ActiveCfg = Debug|Any CPU
		{3572F71A-83FE-459D-8370-002CA28827FE}.Debug|Any CPU.Build.0 = Debug|Any CPU
		{3572F71A-83FE-459D-8370-002CA28827FE}.Debug|x64.ActiveCfg = Debug|Any CPU
		{3572F71A-83FE-459D-8370-002CA28827FE}.Debug|x64.Build.0 = Debug|Any CPU
		{3572F71A-83FE-459D-8370-002CA28827FE}.Release|Any CPU.ActiveCfg = Release|Any CPU
		{3572F71A-83FE-459D-8370-002CA28827FE}.Release|Any CPU.Build.0 = Release|Any CPU
		{3572F71A-83FE-459D-8370-002CA28827FE}.Release|x64.ActiveCfg = Release|Any CPU
		{3572F71A-83FE-459D-8370-002CA28827FE}.Release|x64.Build.0 = Release|Any CPU
	EndGlobalSection
	GlobalSection(SolutionProperties) = preSolution
		HideSolutionNode = FALSE
	EndGlobalSection
	GlobalSection(NestedProjects) = preSolution
		{A204A102-C745-4D65-AEC8-7B96FAEDEF2D} = {52AECE49-F314-4F76-98F2-FA800F07824B}
		{AA62B4AA-1CA3-4C20-BEB7-B824D0FC4BD1} = {8F2103C2-78AF-4810-8FB9-67572F50C8FC}
		{38B18AB6-6E70-4696-8FB4-E8C8E12BF50C} = {CEAD0EA1-A971-4F5F-9EAE-C72F75D1F737}
		{AD1CB53E-7AA4-4EC0-B901-B4E0E2665133} = {261905DE-9653-4567-B498-1F46BEA2A4F3}
		{BEEB142A-5FA3-468D-810A-32A4A5BD6D5D} = {261905DE-9653-4567-B498-1F46BEA2A4F3}
		{9545F73C-9C35-4CF6-BAAE-19A0BAEBD344} = {52AECE49-F314-4F76-98F2-FA800F07824B}
		{DCC111E9-EC8B-492A-A09D-DF390D83AE8D} = {CEAD0EA1-A971-4F5F-9EAE-C72F75D1F737}
		{426C21C0-5F14-491F-BCD1-6D2993510420} = {7BC11E28-8D3B-4C5B-AC08-AB249CC95F6D}
		{F92DA93D-75DB-4308-A5F9-6B4C3908A675} = {8F2103C2-78AF-4810-8FB9-67572F50C8FC}
		{9EE69591-5EDC-45E3-893E-2F9A4B82D538} = {7BC11E28-8D3B-4C5B-AC08-AB249CC95F6D}
		{52042F63-563A-45BB-9A08-A8635AAAB84C} = {2FDC8B91-FB95-4C57-8183-63587FBFE180}
		{BE08B7BC-8C89-4837-BCE7-EDDDABEAB372} = {2FDC8B91-FB95-4C57-8183-63587FBFE180}
		{56DFA7CF-F31D-45CE-9C36-DA8DBB8413B1} = {96FD1258-1597-48A2-8D64-1ADAE13E886A}
		{0109C2F0-BA2C-420F-B2CA-DB5B29B1A349} = {96FD1258-1597-48A2-8D64-1ADAE13E886A}
		{ACA8E56C-0F82-4010-A83E-2DBFF5D16919} = {52AECE49-F314-4F76-98F2-FA800F07824B}
		{66C8D0B6-1D19-4023-9A8B-C7E41857EB73} = {8F2103C2-78AF-4810-8FB9-67572F50C8FC}
		{2DB6959F-1768-495C-8EED-4830EF185584} = {8F2103C2-78AF-4810-8FB9-67572F50C8FC}
		{DFE09FD5-530D-48AB-8A46-4611F21BBBC3} = {261905DE-9653-4567-B498-1F46BEA2A4F3}
		{E33FC359-F713-462C-8A8E-7EEA15E36BE1} = {96FD1258-1597-48A2-8D64-1ADAE13E886A}
		{3572F71A-83FE-459D-8370-002CA28827FE} = {7BC11E28-8D3B-4C5B-AC08-AB249CC95F6D}
	EndGlobalSection
	GlobalSection(ExtensibilityGlobals) = postSolution
		SolutionGuid = {458346DD-B23F-4FDC-8F9D-A10F1882A4DB}
	EndGlobalSection
EndGlobal
