
Microsoft Visual Studio Solution File, Format Version 12.00
# Visual Studio 2012
Project("{FAE04EC0-301F-11D3-BF4B-00C04F79EFBC}") = "FileDbCache", "Caching\FileDbCache\FileDbCache.csproj", "{EF44F661-B98A-4676-927F-85D138F82300}"
EndProject
Project("{FAE04EC0-301F-11D3-BF4B-00C04F79EFBC}") = "SurfaceApplication", "SampleApps\SurfaceApplication\SurfaceApplication.csproj", "{6285FB9D-B7EA-469A-B464-224077967167}"
EndProject
Project("{FAE04EC0-301F-11D3-BF4B-00C04F79EFBC}") = "ImageFileCache", "Caching\ImageFileCache\ImageFileCache.csproj", "{86470440-FEE2-4120-AF5A-3762FB9C536F}"
EndProject
Project("{FAE04EC0-301F-11D3-BF4B-00C04F79EFBC}") = "SilverlightApplication", "SampleApps\SilverlightApplication\SilverlightApplication.csproj", "{CBA8C535-CCA3-4F60-8D3E-0E25791CBD21}"
EndProject
Project("{FAE04EC0-301F-11D3-BF4B-00C04F79EFBC}") = "SilverlightApplication.Web", "SampleApps\SilverlightApplication.Web\SilverlightApplication.Web.csproj", "{177C4EF8-0B0A-426E-BDCC-168DC10AC1C1}"
EndProject
Project("{FAE04EC0-301F-11D3-BF4B-00C04F79EFBC}") = "WpfApplication", "SampleApps\WpfApplication\WpfApplication.csproj", "{CCBCDAE5-E68F-43A8-930A-0749E476D29D}"
EndProject
Project("{FAE04EC0-301F-11D3-BF4B-00C04F79EFBC}") = "MapControl.WPF", "MapControl\MapControl.WPF.csproj", "{226F3575-B683-446D-A2F0-181291DC8787}"
EndProject
Project("{FAE04EC0-301F-11D3-BF4B-00C04F79EFBC}") = "MapControl.Silverlight", "MapControl\MapControl.Silverlight.csproj", "{EB133B78-DEFF-416A-8F0C-89E54D766576}"
EndProject
Project("{FAE04EC0-301F-11D3-BF4B-00C04F79EFBC}") = "StoreApplication", "SampleApps\StoreApplication\StoreApplication.csproj", "{747A3F84-E11F-4EC8-9463-98BBB1E0D0A4}"
EndProject
Project("{FAE04EC0-301F-11D3-BF4B-00C04F79EFBC}") = "MapControl.WinRT", "MapControl\WinRT\MapControl.WinRT.csproj", "{63CEFDF7-5170-43B6-86F8-5C4A383A1615}"
EndProject
Global
	GlobalSection(SolutionConfigurationPlatforms) = preSolution
		Debug|Any CPU = Debug|Any CPU
		Debug|ARM = Debug|ARM
		Debug|Mixed Platforms = Debug|Mixed Platforms
		Debug|x64 = Debug|x64
		Debug|x86 = Debug|x86
		Release|Any CPU = Release|Any CPU
		Release|ARM = Release|ARM
		Release|Mixed Platforms = Release|Mixed Platforms
		Release|x64 = Release|x64
		Release|x86 = Release|x86
	EndGlobalSection
	GlobalSection(ProjectConfigurationPlatforms) = postSolution
		{EF44F661-B98A-4676-927F-85D138F82300}.Debug|Any CPU.ActiveCfg = Debug|Any CPU
		{EF44F661-B98A-4676-927F-85D138F82300}.Debug|Any CPU.Build.0 = Debug|Any CPU
		{EF44F661-B98A-4676-927F-85D138F82300}.Debug|ARM.ActiveCfg = Debug|Any CPU
		{EF44F661-B98A-4676-927F-85D138F82300}.Debug|Mixed Platforms.ActiveCfg = Debug|Any CPU
		{EF44F661-B98A-4676-927F-85D138F82300}.Debug|Mixed Platforms.Build.0 = Debug|Any CPU
		{EF44F661-B98A-4676-927F-85D138F82300}.Debug|x64.ActiveCfg = Debug|Any CPU
		{EF44F661-B98A-4676-927F-85D138F82300}.Debug|x86.ActiveCfg = Debug|Any CPU
		{EF44F661-B98A-4676-927F-85D138F82300}.Release|Any CPU.ActiveCfg = Release|Any CPU
		{EF44F661-B98A-4676-927F-85D138F82300}.Release|Any CPU.Build.0 = Release|Any CPU
		{EF44F661-B98A-4676-927F-85D138F82300}.Release|ARM.ActiveCfg = Release|Any CPU
		{EF44F661-B98A-4676-927F-85D138F82300}.Release|Mixed Platforms.ActiveCfg = Release|Any CPU
		{EF44F661-B98A-4676-927F-85D138F82300}.Release|Mixed Platforms.Build.0 = Release|Any CPU
		{EF44F661-B98A-4676-927F-85D138F82300}.Release|x64.ActiveCfg = Release|Any CPU
		{EF44F661-B98A-4676-927F-85D138F82300}.Release|x86.ActiveCfg = Release|Any CPU
		{6285FB9D-B7EA-469A-B464-224077967167}.Debug|Any CPU.ActiveCfg = Debug|Any CPU
		{6285FB9D-B7EA-469A-B464-224077967167}.Debug|Any CPU.Build.0 = Debug|Any CPU
		{6285FB9D-B7EA-469A-B464-224077967167}.Debug|ARM.ActiveCfg = Debug|Any CPU
		{6285FB9D-B7EA-469A-B464-224077967167}.Debug|Mixed Platforms.ActiveCfg = Debug|Any CPU
		{6285FB9D-B7EA-469A-B464-224077967167}.Debug|Mixed Platforms.Build.0 = Debug|Any CPU
		{6285FB9D-B7EA-469A-B464-224077967167}.Debug|x64.ActiveCfg = Debug|Any CPU
		{6285FB9D-B7EA-469A-B464-224077967167}.Debug|x86.ActiveCfg = Debug|Any CPU
		{6285FB9D-B7EA-469A-B464-224077967167}.Release|Any CPU.ActiveCfg = Release|Any CPU
		{6285FB9D-B7EA-469A-B464-224077967167}.Release|Any CPU.Build.0 = Release|Any CPU
		{6285FB9D-B7EA-469A-B464-224077967167}.Release|ARM.ActiveCfg = Release|Any CPU
		{6285FB9D-B7EA-469A-B464-224077967167}.Release|Mixed Platforms.ActiveCfg = Release|Any CPU
		{6285FB9D-B7EA-469A-B464-224077967167}.Release|Mixed Platforms.Build.0 = Release|Any CPU
		{6285FB9D-B7EA-469A-B464-224077967167}.Release|x64.ActiveCfg = Release|Any CPU
		{6285FB9D-B7EA-469A-B464-224077967167}.Release|x86.ActiveCfg = Release|Any CPU
		{86470440-FEE2-4120-AF5A-3762FB9C536F}.Debug|Any CPU.ActiveCfg = Debug|Any CPU
		{86470440-FEE2-4120-AF5A-3762FB9C536F}.Debug|Any CPU.Build.0 = Debug|Any CPU
		{86470440-FEE2-4120-AF5A-3762FB9C536F}.Debug|ARM.ActiveCfg = Debug|Any CPU
		{86470440-FEE2-4120-AF5A-3762FB9C536F}.Debug|Mixed Platforms.ActiveCfg = Debug|Any CPU
		{86470440-FEE2-4120-AF5A-3762FB9C536F}.Debug|Mixed Platforms.Build.0 = Debug|Any CPU
		{86470440-FEE2-4120-AF5A-3762FB9C536F}.Debug|x64.ActiveCfg = Debug|Any CPU
		{86470440-FEE2-4120-AF5A-3762FB9C536F}.Debug|x86.ActiveCfg = Debug|Any CPU
		{86470440-FEE2-4120-AF5A-3762FB9C536F}.Release|Any CPU.ActiveCfg = Release|Any CPU
		{86470440-FEE2-4120-AF5A-3762FB9C536F}.Release|Any CPU.Build.0 = Release|Any CPU
		{86470440-FEE2-4120-AF5A-3762FB9C536F}.Release|ARM.ActiveCfg = Release|Any CPU
		{86470440-FEE2-4120-AF5A-3762FB9C536F}.Release|Mixed Platforms.ActiveCfg = Release|Any CPU
		{86470440-FEE2-4120-AF5A-3762FB9C536F}.Release|Mixed Platforms.Build.0 = Release|Any CPU
		{86470440-FEE2-4120-AF5A-3762FB9C536F}.Release|x64.ActiveCfg = Release|Any CPU
		{86470440-FEE2-4120-AF5A-3762FB9C536F}.Release|x86.ActiveCfg = Release|Any CPU
		{CBA8C535-CCA3-4F60-8D3E-0E25791CBD21}.Debug|Any CPU.ActiveCfg = Debug|Any CPU
		{CBA8C535-CCA3-4F60-8D3E-0E25791CBD21}.Debug|Any CPU.Build.0 = Debug|Any CPU
		{CBA8C535-CCA3-4F60-8D3E-0E25791CBD21}.Debug|ARM.ActiveCfg = Debug|Any CPU
		{CBA8C535-CCA3-4F60-8D3E-0E25791CBD21}.Debug|Mixed Platforms.ActiveCfg = Debug|Any CPU
		{CBA8C535-CCA3-4F60-8D3E-0E25791CBD21}.Debug|Mixed Platforms.Build.0 = Debug|Any CPU
		{CBA8C535-CCA3-4F60-8D3E-0E25791CBD21}.Debug|x64.ActiveCfg = Debug|Any CPU
		{CBA8C535-CCA3-4F60-8D3E-0E25791CBD21}.Debug|x86.ActiveCfg = Debug|Any CPU
		{CBA8C535-CCA3-4F60-8D3E-0E25791CBD21}.Release|Any CPU.ActiveCfg = Release|Any CPU
		{CBA8C535-CCA3-4F60-8D3E-0E25791CBD21}.Release|Any CPU.Build.0 = Release|Any CPU
		{CBA8C535-CCA3-4F60-8D3E-0E25791CBD21}.Release|ARM.ActiveCfg = Release|Any CPU
		{CBA8C535-CCA3-4F60-8D3E-0E25791CBD21}.Release|Mixed Platforms.ActiveCfg = Release|Any CPU
		{CBA8C535-CCA3-4F60-8D3E-0E25791CBD21}.Release|Mixed Platforms.Build.0 = Release|Any CPU
		{CBA8C535-CCA3-4F60-8D3E-0E25791CBD21}.Release|x64.ActiveCfg = Release|Any CPU
		{CBA8C535-CCA3-4F60-8D3E-0E25791CBD21}.Release|x86.ActiveCfg = Release|Any CPU
		{177C4EF8-0B0A-426E-BDCC-168DC10AC1C1}.Debug|Any CPU.ActiveCfg = Debug|Any CPU
		{177C4EF8-0B0A-426E-BDCC-168DC10AC1C1}.Debug|Any CPU.Build.0 = Debug|Any CPU
		{177C4EF8-0B0A-426E-BDCC-168DC10AC1C1}.Debug|ARM.ActiveCfg = Debug|Any CPU
		{177C4EF8-0B0A-426E-BDCC-168DC10AC1C1}.Debug|Mixed Platforms.ActiveCfg = Debug|Any CPU
		{177C4EF8-0B0A-426E-BDCC-168DC10AC1C1}.Debug|Mixed Platforms.Build.0 = Debug|Any CPU
		{177C4EF8-0B0A-426E-BDCC-168DC10AC1C1}.Debug|x64.ActiveCfg = Debug|Any CPU
		{177C4EF8-0B0A-426E-BDCC-168DC10AC1C1}.Debug|x86.ActiveCfg = Debug|Any CPU
		{177C4EF8-0B0A-426E-BDCC-168DC10AC1C1}.Release|Any CPU.ActiveCfg = Release|Any CPU
		{177C4EF8-0B0A-426E-BDCC-168DC10AC1C1}.Release|Any CPU.Build.0 = Release|Any CPU
		{177C4EF8-0B0A-426E-BDCC-168DC10AC1C1}.Release|ARM.ActiveCfg = Release|Any CPU
		{177C4EF8-0B0A-426E-BDCC-168DC10AC1C1}.Release|Mixed Platforms.ActiveCfg = Release|Any CPU
		{177C4EF8-0B0A-426E-BDCC-168DC10AC1C1}.Release|Mixed Platforms.Build.0 = Release|Any CPU
		{177C4EF8-0B0A-426E-BDCC-168DC10AC1C1}.Release|x64.ActiveCfg = Release|Any CPU
		{177C4EF8-0B0A-426E-BDCC-168DC10AC1C1}.Release|x86.ActiveCfg = Release|Any CPU
		{CCBCDAE5-E68F-43A8-930A-0749E476D29D}.Debug|Any CPU.ActiveCfg = Debug|x86
		{CCBCDAE5-E68F-43A8-930A-0749E476D29D}.Debug|ARM.ActiveCfg = Debug|x86
		{CCBCDAE5-E68F-43A8-930A-0749E476D29D}.Debug|Mixed Platforms.ActiveCfg = Debug|x86
		{CCBCDAE5-E68F-43A8-930A-0749E476D29D}.Debug|Mixed Platforms.Build.0 = Debug|x86
		{CCBCDAE5-E68F-43A8-930A-0749E476D29D}.Debug|x64.ActiveCfg = Debug|x86
		{CCBCDAE5-E68F-43A8-930A-0749E476D29D}.Debug|x86.ActiveCfg = Debug|x86
		{CCBCDAE5-E68F-43A8-930A-0749E476D29D}.Debug|x86.Build.0 = Debug|x86
		{CCBCDAE5-E68F-43A8-930A-0749E476D29D}.Release|Any CPU.ActiveCfg = Release|x86
		{CCBCDAE5-E68F-43A8-930A-0749E476D29D}.Release|ARM.ActiveCfg = Release|x86
		{CCBCDAE5-E68F-43A8-930A-0749E476D29D}.Release|Mixed Platforms.ActiveCfg = Release|x86
		{CCBCDAE5-E68F-43A8-930A-0749E476D29D}.Release|Mixed Platforms.Build.0 = Release|x86
		{CCBCDAE5-E68F-43A8-930A-0749E476D29D}.Release|x64.ActiveCfg = Release|x86
		{CCBCDAE5-E68F-43A8-930A-0749E476D29D}.Release|x86.ActiveCfg = Release|x86
		{CCBCDAE5-E68F-43A8-930A-0749E476D29D}.Release|x86.Build.0 = Release|x86
		{226F3575-B683-446D-A2F0-181291DC8787}.Debug|Any CPU.ActiveCfg = Debug|Any CPU
		{226F3575-B683-446D-A2F0-181291DC8787}.Debug|Any CPU.Build.0 = Debug|Any CPU
		{226F3575-B683-446D-A2F0-181291DC8787}.Debug|ARM.ActiveCfg = Debug|Any CPU
		{226F3575-B683-446D-A2F0-181291DC8787}.Debug|Mixed Platforms.ActiveCfg = Debug|Any CPU
		{226F3575-B683-446D-A2F0-181291DC8787}.Debug|Mixed Platforms.Build.0 = Debug|Any CPU
		{226F3575-B683-446D-A2F0-181291DC8787}.Debug|x64.ActiveCfg = Debug|Any CPU
		{226F3575-B683-446D-A2F0-181291DC8787}.Debug|x86.ActiveCfg = Debug|Any CPU
		{226F3575-B683-446D-A2F0-181291DC8787}.Release|Any CPU.ActiveCfg = Release|Any CPU
		{226F3575-B683-446D-A2F0-181291DC8787}.Release|Any CPU.Build.0 = Release|Any CPU
		{226F3575-B683-446D-A2F0-181291DC8787}.Release|ARM.ActiveCfg = Release|Any CPU
		{226F3575-B683-446D-A2F0-181291DC8787}.Release|Mixed Platforms.ActiveCfg = Release|Any CPU
		{226F3575-B683-446D-A2F0-181291DC8787}.Release|Mixed Platforms.Build.0 = Release|Any CPU
		{226F3575-B683-446D-A2F0-181291DC8787}.Release|x64.ActiveCfg = Release|Any CPU
		{226F3575-B683-446D-A2F0-181291DC8787}.Release|x86.ActiveCfg = Release|Any CPU
		{EB133B78-DEFF-416A-8F0C-89E54D766576}.Debug|Any CPU.ActiveCfg = Debug|Any CPU
		{EB133B78-DEFF-416A-8F0C-89E54D766576}.Debug|Any CPU.Build.0 = Debug|Any CPU
		{EB133B78-DEFF-416A-8F0C-89E54D766576}.Debug|ARM.ActiveCfg = Debug|Any CPU
		{EB133B78-DEFF-416A-8F0C-89E54D766576}.Debug|Mixed Platforms.ActiveCfg = Debug|Any CPU
		{EB133B78-DEFF-416A-8F0C-89E54D766576}.Debug|Mixed Platforms.Build.0 = Debug|Any CPU
		{EB133B78-DEFF-416A-8F0C-89E54D766576}.Debug|x64.ActiveCfg = Debug|Any CPU
		{EB133B78-DEFF-416A-8F0C-89E54D766576}.Debug|x86.ActiveCfg = Debug|Any CPU
		{EB133B78-DEFF-416A-8F0C-89E54D766576}.Release|Any CPU.ActiveCfg = Release|Any CPU
		{EB133B78-DEFF-416A-8F0C-89E54D766576}.Release|Any CPU.Build.0 = Release|Any CPU
		{EB133B78-DEFF-416A-8F0C-89E54D766576}.Release|ARM.ActiveCfg = Release|Any CPU
		{EB133B78-DEFF-416A-8F0C-89E54D766576}.Release|Mixed Platforms.ActiveCfg = Release|Any CPU
		{EB133B78-DEFF-416A-8F0C-89E54D766576}.Release|Mixed Platforms.Build.0 = Release|Any CPU
		{EB133B78-DEFF-416A-8F0C-89E54D766576}.Release|x64.ActiveCfg = Release|Any CPU
		{EB133B78-DEFF-416A-8F0C-89E54D766576}.Release|x86.ActiveCfg = Release|Any CPU
		{747A3F84-E11F-4EC8-9463-98BBB1E0D0A4}.Debug|Any CPU.ActiveCfg = Debug|Any CPU
		{747A3F84-E11F-4EC8-9463-98BBB1E0D0A4}.Debug|Any CPU.Build.0 = Debug|Any CPU
		{747A3F84-E11F-4EC8-9463-98BBB1E0D0A4}.Debug|Any CPU.Deploy.0 = Debug|Any CPU
		{747A3F84-E11F-4EC8-9463-98BBB1E0D0A4}.Debug|ARM.ActiveCfg = Debug|ARM
		{747A3F84-E11F-4EC8-9463-98BBB1E0D0A4}.Debug|ARM.Build.0 = Debug|ARM
		{747A3F84-E11F-4EC8-9463-98BBB1E0D0A4}.Debug|ARM.Deploy.0 = Debug|ARM
		{747A3F84-E11F-4EC8-9463-98BBB1E0D0A4}.Debug|Mixed Platforms.ActiveCfg = Debug|x86
		{747A3F84-E11F-4EC8-9463-98BBB1E0D0A4}.Debug|Mixed Platforms.Build.0 = Debug|x86
		{747A3F84-E11F-4EC8-9463-98BBB1E0D0A4}.Debug|Mixed Platforms.Deploy.0 = Debug|x86
		{747A3F84-E11F-4EC8-9463-98BBB1E0D0A4}.Debug|x64.ActiveCfg = Debug|x64
		{747A3F84-E11F-4EC8-9463-98BBB1E0D0A4}.Debug|x64.Build.0 = Debug|x64
		{747A3F84-E11F-4EC8-9463-98BBB1E0D0A4}.Debug|x64.Deploy.0 = Debug|x64
		{747A3F84-E11F-4EC8-9463-98BBB1E0D0A4}.Debug|x86.ActiveCfg = Debug|x86
		{747A3F84-E11F-4EC8-9463-98BBB1E0D0A4}.Debug|x86.Build.0 = Debug|x86
		{747A3F84-E11F-4EC8-9463-98BBB1E0D0A4}.Debug|x86.Deploy.0 = Debug|x86
		{747A3F84-E11F-4EC8-9463-98BBB1E0D0A4}.Release|Any CPU.ActiveCfg = Release|Any CPU
		{747A3F84-E11F-4EC8-9463-98BBB1E0D0A4}.Release|Any CPU.Build.0 = Release|Any CPU
		{747A3F84-E11F-4EC8-9463-98BBB1E0D0A4}.Release|Any CPU.Deploy.0 = Release|Any CPU
		{747A3F84-E11F-4EC8-9463-98BBB1E0D0A4}.Release|ARM.ActiveCfg = Release|ARM
		{747A3F84-E11F-4EC8-9463-98BBB1E0D0A4}.Release|ARM.Build.0 = Release|ARM
		{747A3F84-E11F-4EC8-9463-98BBB1E0D0A4}.Release|ARM.Deploy.0 = Release|ARM
		{747A3F84-E11F-4EC8-9463-98BBB1E0D0A4}.Release|Mixed Platforms.ActiveCfg = Release|x86
		{747A3F84-E11F-4EC8-9463-98BBB1E0D0A4}.Release|Mixed Platforms.Build.0 = Release|x86
		{747A3F84-E11F-4EC8-9463-98BBB1E0D0A4}.Release|Mixed Platforms.Deploy.0 = Release|x86
		{747A3F84-E11F-4EC8-9463-98BBB1E0D0A4}.Release|x64.ActiveCfg = Release|x64
		{747A3F84-E11F-4EC8-9463-98BBB1E0D0A4}.Release|x64.Build.0 = Release|x64
		{747A3F84-E11F-4EC8-9463-98BBB1E0D0A4}.Release|x64.Deploy.0 = Release|x64
		{747A3F84-E11F-4EC8-9463-98BBB1E0D0A4}.Release|x86.ActiveCfg = Release|x86
		{747A3F84-E11F-4EC8-9463-98BBB1E0D0A4}.Release|x86.Build.0 = Release|x86
		{747A3F84-E11F-4EC8-9463-98BBB1E0D0A4}.Release|x86.Deploy.0 = Release|x86
		{63CEFDF7-5170-43B6-86F8-5C4A383A1615}.Debug|Any CPU.ActiveCfg = Debug|Any CPU
		{63CEFDF7-5170-43B6-86F8-5C4A383A1615}.Debug|Any CPU.Build.0 = Debug|Any CPU
		{63CEFDF7-5170-43B6-86F8-5C4A383A1615}.Debug|ARM.ActiveCfg = Debug|ARM
		{63CEFDF7-5170-43B6-86F8-5C4A383A1615}.Debug|ARM.Build.0 = Debug|ARM
		{63CEFDF7-5170-43B6-86F8-5C4A383A1615}.Debug|Mixed Platforms.ActiveCfg = Debug|x86
		{63CEFDF7-5170-43B6-86F8-5C4A383A1615}.Debug|Mixed Platforms.Build.0 = Debug|x86
		{63CEFDF7-5170-43B6-86F8-5C4A383A1615}.Debug|x64.ActiveCfg = Debug|x64
		{63CEFDF7-5170-43B6-86F8-5C4A383A1615}.Debug|x64.Build.0 = Debug|x64
		{63CEFDF7-5170-43B6-86F8-5C4A383A1615}.Debug|x86.ActiveCfg = Debug|x86
		{63CEFDF7-5170-43B6-86F8-5C4A383A1615}.Debug|x86.Build.0 = Debug|x86
		{63CEFDF7-5170-43B6-86F8-5C4A383A1615}.Release|Any CPU.ActiveCfg = Release|Any CPU
		{63CEFDF7-5170-43B6-86F8-5C4A383A1615}.Release|Any CPU.Build.0 = Release|Any CPU
		{63CEFDF7-5170-43B6-86F8-5C4A383A1615}.Release|ARM.ActiveCfg = Release|ARM
		{63CEFDF7-5170-43B6-86F8-5C4A383A1615}.Release|ARM.Build.0 = Release|ARM
		{63CEFDF7-5170-43B6-86F8-5C4A383A1615}.Release|Mixed Platforms.ActiveCfg = Release|x86
		{63CEFDF7-5170-43B6-86F8-5C4A383A1615}.Release|Mixed Platforms.Build.0 = Release|x86
		{63CEFDF7-5170-43B6-86F8-5C4A383A1615}.Release|x64.ActiveCfg = Release|x64
		{63CEFDF7-5170-43B6-86F8-5C4A383A1615}.Release|x64.Build.0 = Release|x64
		{63CEFDF7-5170-43B6-86F8-5C4A383A1615}.Release|x86.ActiveCfg = Release|x86
		{63CEFDF7-5170-43B6-86F8-5C4A383A1615}.Release|x86.Build.0 = Release|x86
	EndGlobalSection
	GlobalSection(SolutionProperties) = preSolution
		HideSolutionNode = FALSE
	EndGlobalSection
EndGlobal
